{
  "name": "charts-i18n",
  "version": "1.0.0",
  "lockfileVersion": 1,
  "requires": true,
  "dependencies": {
    "i18next": {
      "version": "11.3.3",
      "resolved": "https://registry.npmjs.org/i18next/-/i18next-11.3.3.tgz",
      "integrity": "sha512-YR1p0IJCKbUxi9DKKb7SK5kQMVcUIUA1xxPlxr7mn3pvkFdEE1eZi/TiYC5eyOE6wvWYOb5xZc+1HVSD5dJXMg=="
    },
    "i18next-xhr-backend": {
      "version": "1.5.1",
      "resolved": "https://registry.npmjs.org/i18next-xhr-backend/-/i18next-xhr-backend-1.5.1.tgz",
      "integrity": "sha512-9OLdC/9YxDvTFcgsH5t2BHCODHEotHCa6h7Ly0EUlUC7Y2GS09UeoHOGj3gWKQ3HCqXz8NlH4gOrK3NNc9vPuw=="
    }
  }
}
